
Microsoft Visual Studio Solution File, Format Version 12.00
# Visual Studio 15
VisualStudioVersion = 15.0.27703.2047
MinimumVisualStudioVersion = 10.0.40219.1
Project("{FAE04EC0-301F-11D3-BF4B-00C04F79EFBC}") = "ServiceWCF", "letsTalk\ServiceWCF.csproj", "{0B3F949A-EC80-404D-ABBF-A7D7EA15F774}"
EndProject
Project("{FAE04EC0-301F-11D3-BF4B-00C04F79EFBC}") = "Server", "Server\Server.csproj", "{5C0158EB-3970-4B92-90A0-A514DCF0159D}"
EndProject
Project("{FAE04EC0-301F-11D3-BF4B-00C04F79EFBC}") = "Client", "Client\Client.csproj", "{C56B6EFC-D178-4593-9EE2-86E5B4FCB71C}"
EndProject
Global
	GlobalSection(SolutionConfigurationPlatforms) = preSolution
		Debug|Any CPU = Debug|Any CPU
		Release|Any CPU = Release|Any CPU
	EndGlobalSection
	GlobalSection(ProjectConfigurationPlatforms) = postSolution
		{0B3F949A-EC80-404D-ABBF-A7D7EA15F774}.Debug|Any CPU.ActiveCfg = Debug|Any CPU
		{0B3F949A-EC80-404D-ABBF-A7D7EA15F774}.Debug|Any CPU.Build.0 = Debug|Any CPU
		{0B3F949A-EC80-404D-ABBF-A7D7EA15F774}.Release|Any CPU.ActiveCfg = Release|Any CPU
		{0B3F949A-EC80-404D-ABBF-A7D7EA15F774}.Release|Any CPU.Build.0 = Release|Any CPU
		{5C0158EB-3970-4B92-90A0-A514DCF0159D}.Debug|Any CPU.ActiveCfg = Debug|Any CPU
		{5C0158EB-3970-4B92-90A0-A514DCF0159D}.Debug|Any CPU.Build.0 = Debug|Any CPU
		{5C0158EB-3970-4B92-90A0-A514DCF0159D}.Release|Any CPU.ActiveCfg = Release|Any CPU
		{5C0158EB-3970-4B92-90A0-A514DCF0159D}.Release|Any CPU.Build.0 = Release|Any CPU
		{C56B6EFC-D178-4593-9EE2-86E5B4FCB71C}.Debug|Any CPU.ActiveCfg = Debug|Any CPU
		{C56B6EFC-D178-4593-9EE2-86E5B4FCB71C}.Debug|Any CPU.Build.0 = Debug|Any CPU
		{C56B6EFC-D178-4593-9EE2-86E5B4FCB71C}.Release|Any CPU.ActiveCfg = Release|Any CPU
		{C56B6EFC-D178-4593-9EE2-86E5B4FCB71C}.Release|Any CPU.Build.0 = Release|Any CPU
	EndGlobalSection
	GlobalSection(SolutionProperties) = preSolution
		HideSolutionNode = FALSE
	EndGlobalSection
	GlobalSection(ExtensibilityGlobals) = postSolution
		SolutionGuid = {0DF14472-A9C6-43D6-8BD5-8317F18F296E}
	EndGlobalSection
EndGlobal
